{
  "name": "rails_fast_epost",
  "version": "0.1.0",
  "lockfileVersion": 3,
  "requires": true,
  "packages": {
    "": {
      "name": "rails_fast_epost",
      "version": "0.1.0",
      "dependencies": {
        "@stripe/stripe-js": "^8.6.0"
      }
    },
    "node_modules/@stripe/stripe-js": {
      "version": "8.6.0",
      "resolved": "https://registry.npmjs.org/@stripe/stripe-js/-/stripe-js-8.6.0.tgz",
      "integrity": "sha512-EB0/GGgs4hfezzkiMkinlRgWtjz8fSdwVQhwYS7Sg/RQrSvuNOz+ssPjD+lAzqaYTCB0zlbrt0fcqVziLJrufQ==",
      "license": "MIT",
      "engines": {
        "node": ">=12.16"
      }
    }
  }
}
