{
  "name": "rails_fast_epost",
  "version": "0.1.0",
  "lockfileVersion": 3,
  "requires": true,
  "packages": {
    "": {
      "name": "rails_fast_epost",
      "version": "0.1.0",
      "dependencies": {
        "@stripe/stripe-js": "^8.5.1"
      }
    },
    "node_modules/@stripe/stripe-js": {
      "version": "8.5.1",
      "resolved": "https://registry.npmjs.org/@stripe/stripe-js/-/stripe-js-8.5.1.tgz",
      "integrity": "sha512-xtWTQgebE9wMZxaSjSOcTo1tNJPqWiG3z2g9hlJK6LQ6FExd1eadH3pjdsaLXOVh/WmFlKhF5s9j/18aTXSn4g==",
      "license": "MIT",
      "engines": {
        "node": ">=12.16"
      }
    }
  }
}
